# This file is automatically generated by diffusion.
# Do not edit this file manually.
# Generated: 2026-05-11T15:06:27Z

version: "1.0"
generated: "2026-05-11T15:06:27Z"
hash: 2a4741a3038b9da4ba5a7037a3a5c6c59a6880ffb4ee9d307e9cc1e7c7cce945
python:
    min: "3.11"
    max: "3.13"
    pinned: "3.13"
collections:
    - name: default.general
      namespace: community
      version: '>=12.2.0'
      resolved_version: 12.6.0
      type: collection
      scm: galaxy
    - name: default.docker
      namespace: community
      version: '>=5.0.6'
      resolved_version: 5.2.0
      type: collection
      python_deps:
        docker: 7.1.0
      scm: galaxy
    - name: default.posix
      namespace: ansible
      version: '>=2.1.0'
      resolved_version: 2.1.0
      type: collection
      scm: galaxy
    - name: multi.general
      namespace: community
      version: '>=12.2.0'
      resolved_version: 12.6.0
      type: collection
      scm: galaxy
    - name: multi.docker
      namespace: community
      version: '>=5.0.6'
      resolved_version: 5.2.0
      type: collection
      python_deps:
        docker: 7.1.0
      scm: galaxy
    - name: multi.posix
      namespace: ansible
      version: '>=2.1.0'
      resolved_version: 2.1.0
      type: collection
      scm: galaxy
roles:
    - name: default.docker_rootless
      namespace: konstruktoid
      version: '>=1.13.0'
      resolved_version: v1.20.0
      type: role
      src: https://github.com/konstruktoid/ansible-role-docker-rootless.git
      scm: git
    - name: multi.docker_rootless
      namespace: konstruktoid
      version: '>=1.13.0'
      resolved_version: v1.20.0
      type: role
      src: https://github.com/konstruktoid/ansible-role-docker-rootless.git
      scm: git
tools:
    - name: yamllint
      version: '>=1.35.0'
      resolved_version: 1.38.0
      type: tool
      scm: pypi
    - name: ansible
      version: '>=13.0.0'
      resolved_version: 14.0.0a1
      type: tool
      scm: pypi
    - name: molecule
      version: '>=24.0.0'
      resolved_version: 26.4.0
      type: tool
      scm: pypi
    - name: ansible-lint
      version: '>=24.0.0'
      resolved_version: 26.4.0
      type: tool
      scm: pypi
