# This file is automatically generated by diffusion.
# Do not edit this file manually.
# Generated: 2026-10-05T15:31:51Z

version: "1.0"
generated: "2026-10-05T15:31:51Z"
hash: 9fb9cc3034596cfb9193c8e9172dd85bbe3c40f05afa3a26e6a7b7f96033a696
python:
    min: "3.11"
    max: "3.13"
    pinned: "3.13"
collections:
    - name: multi.general
      namespace: community
      version: '>=12.2.0'
      resolved_version: 13.4.0
      type: collection
      scm: galaxy
    - name: multi.docker
      namespace: community
      version: '>=5.0.6'
      resolved_version: 5.3.0
      type: collection
      python_deps:
        docker: 7.2.0
      scm: galaxy
    - name: multi.posix
      namespace: ansible
      version: '>=2.1.0'
      resolved_version: 2.2.2
      type: collection
      scm: galaxy
    - name: default.general
      namespace: community
      version: '>=12.2.0'
      resolved_version: 13.4.0
      type: collection
      scm: galaxy
    - name: default.docker
      namespace: community
      version: '>=5.0.6'
      resolved_version: 5.4.0
      type: collection
      python_deps:
        docker: 7.2.0
      scm: galaxy
    - name: default.posix
      namespace: ansible
      version: '>=2.1.0'
      resolved_version: 2.2.2
      type: collection
      scm: galaxy
roles:
    - name: multi.docker_rootless
      namespace: konstruktoid
      version: '>=1.13.0'
      resolved_version: v2.4.0
      type: role
      src: https://github.com/konstruktoid/ansible-role-docker-rootless.git
      scm: git
    - name: default.docker_rootless
      namespace: konstruktoid
      version: '>=1.13.0'
      resolved_version: v2.5.0
      type: role
      src: https://github.com/konstruktoid/ansible-role-docker-rootless.git
      scm: git
tools:
    - name: ansible
      version: '>=13.0.0'
      resolved_version: 15.0.0a1
      type: tool
      scm: pypi
    - name: molecule
      version: '>=24.0.0'
      resolved_version: 26.9.0
      type: tool
      scm: pypi
    - name: ansible-lint
      version: '>=24.0.0'
      resolved_version: 26.9.0
      type: tool
      scm: pypi
    - name: yamllint
      version: '>=1.35.0'
      resolved_version: 1.38.0
      type: tool
      scm: pypi
