# This file is automatically generated by diffusion.
# Do not edit this file manually.
# Generated: 2026-05-22T14:28:37Z

version: "1.0"
generated: "2026-05-22T14:28:37Z"
hash: c118dc14581b5a7a625b1da2e430010bd7edbac8e238c1743d95b4f05239fb26
python:
    min: "3.11"
    max: "3.13"
    pinned: "3.13"
collections:
    - name: default.general
      namespace: community
      version: '>=12.2.0'
      resolved_version: 13.0.0
      type: collection
      scm: galaxy
    - name: default.docker
      namespace: community
      version: '>=5.0.6'
      resolved_version: 5.2.0
      type: collection
      python_deps:
        docker: 7.1.0
      scm: galaxy
    - name: default.posix
      namespace: ansible
      version: '>=2.1.0'
      resolved_version: 2.2.0
      type: collection
      scm: galaxy
roles:
    - name: default.docker_rootless
      namespace: konstruktoid
      version: '>=1.13.0'
      resolved_version: v1.22.0
      type: role
      src: https://github.com/konstruktoid/ansible-role-docker-rootless.git
      scm: git
tools:
    - name: yamllint
      version: '>=1.35.0'
      resolved_version: 1.38.0
      type: tool
      scm: pypi
    - name: ansible
      version: '>=13.0.0'
      resolved_version: 14.0.0b1
      type: tool
      scm: pypi
    - name: molecule
      version: '>=24.0.0'
      resolved_version: 26.4.0
      type: tool
      scm: pypi
    - name: ansible-lint
      version: '>=24.0.0'
      resolved_version: 26.4.0
      type: tool
      scm: pypi
